
Microsoft Visual Studio Solution File, Format Version 12.00
# Visual Studio Version 17
VisualStudioVersion = 17.12.35527.113 d17.12
MinimumVisualStudioVersion = 10.0.40219.1
Project("{FAE04EC0-301F-11D3-BF4B-00C04F79EFBC}") = "ProgramDatabase", "ProgramDatabase\ProgramDatabase.csproj", "{C385703D-2174-46B8-A4B4-67E52BA89326}"
EndProject
Project("{FAE04EC0-301F-11D3-BF4B-00C04F79EFBC}") = "Service", "Service\Service.csproj", "{11EA8369-F3A6-4B61-9440-A72876708CCA}"
EndProject
Project("{FAE04EC0-301F-11D3-BF4B-00C04F79EFBC}") = "Domain", "Domain\Domain.csproj", "{DE8B5D39-9AE1-4A7D-A36C-D75F3DB18C1A}"
EndProject
Global
	GlobalSection(SolutionConfigurationPlatforms) = preSolution
		Debug|Any CPU = Debug|Any CPU
		Release|Any CPU = Release|Any CPU
	EndGlobalSection
	GlobalSection(ProjectConfigurationPlatforms) = postSolution
		{C385703D-2174-46B8-A4B4-67E52BA89326}.Debug|Any CPU.ActiveCfg = Debug|Any CPU
		{C385703D-2174-46B8-A4B4-67E52BA89326}.Debug|Any CPU.Build.0 = Debug|Any CPU
		{C385703D-2174-46B8-A4B4-67E52BA89326}.Release|Any CPU.ActiveCfg = Release|Any CPU
		{C385703D-2174-46B8-A4B4-67E52BA89326}.Release|Any CPU.Build.0 = Release|Any CPU
		{11EA8369-F3A6-4B61-9440-A72876708CCA}.Debug|Any CPU.ActiveCfg = Debug|Any CPU
		{11EA8369-F3A6-4B61-9440-A72876708CCA}.Debug|Any CPU.Build.0 = Debug|Any CPU
		{11EA8369-F3A6-4B61-9440-A72876708CCA}.Release|Any CPU.ActiveCfg = Release|Any CPU
		{11EA8369-F3A6-4B61-9440-A72876708CCA}.Release|Any CPU.Build.0 = Release|Any CPU
		{DE8B5D39-9AE1-4A7D-A36C-D75F3DB18C1A}.Debug|Any CPU.ActiveCfg = Debug|Any CPU
		{DE8B5D39-9AE1-4A7D-A36C-D75F3DB18C1A}.Debug|Any CPU.Build.0 = Debug|Any CPU
		{DE8B5D39-9AE1-4A7D-A36C-D75F3DB18C1A}.Release|Any CPU.ActiveCfg = Release|Any CPU
		{DE8B5D39-9AE1-4A7D-A36C-D75F3DB18C1A}.Release|Any CPU.Build.0 = Release|Any CPU
	EndGlobalSection
	GlobalSection(SolutionProperties) = preSolution
		HideSolutionNode = FALSE
	EndGlobalSection
EndGlobal
